// !$*UTF8*$!
{
	archiveVersion = 1;
	classes = {
	};
	objectVersion = 50;
	objects = {

/* Begin PBXBuildFile section */
		6C79E6382372259A006E51D1 /* AppDelegate.swift in Sources */ = {isa = PBXBuildFile; fileRef = 6C79E6372372259A006E51D1 /* AppDelegate.swift */; };
		6C79E63A2372259A006E51D1 /* SceneDelegate.swift in Sources */ = {isa = PBXBuildFile; fileRef = 6C79E6392372259A006E51D1 /* SceneDelegate.swift */; };
		6C79E63C2372259A006E51D1 /* ContentView.swift in Sources */ = {isa = PBXBuildFile; fileRef = 6C79E63B2372259A006E51D1 /* ContentView.swift */; };
		6C79E63E2372259E006E51D1 /* Assets.xcassets in Resources */ = {isa = PBXBuildFile; fileRef = 6C79E63D2372259E006E51D1 /* Assets.xcassets */; };
		6C79E6412372259E006E51D1 /* Preview Assets.xcassets in Resources */ = {isa = PBXBuildFile; fileRef = 6C79E6402372259E006E51D1 /* Preview Assets.xcassets */; };
		6C79E6442372259E006E51D1 /* LaunchScreen.storyboard in Resources */ = {isa = PBXBuildFile; fileRef = 6C79E6422372259E006E51D1 /* LaunchScreen.storyboard */; };
		6C79E64F2372259E006E51D1 /* CarearPathGuideLineTests.swift in Sources */ = {isa = PBXBuildFile; fileRef = 6C79E64E2372259E006E51D1 /* CarearPathGuideLineTests.swift */; };
/* End PBXBuildFile section */

/* Begin PBXContainerItemProxy section */
		6C79E64B2372259E006E51D1 /* PBXContainerItemProxy */ = {
			isa = PBXContainerItemProxy;
			containerPortal = 6C79E62C2372259A006E51D1 /* Project object */;
			proxyType = 1;
			remoteGlobalIDString = 6C79E6332372259A006E51D1;
			remoteInfo = CarearPathGuideLine;
		};
/* End PBXContainerItemProxy section */

/* Begin PBXFileReference section */
		6C79E6342372259A006E51D1 /* CarearPathGuideLine.app */ = {isa = PBXFileReference; explicitFileType = wrapper.application; includeInIndex = 0; path = CarearPathGuideLine.app; sourceTree = BUILT_PRODUCTS_DIR; };
		6C79E6372372259A006E51D1 /* AppDelegate.swift */ = {isa = PBXFileReference; lastKnownFileType = sourcecode.swift; path = AppDelegate.swift; sourceTree = "<group>"; };
		6C79E6392372259A006E51D1 /* SceneDelegate.swift */ = {isa = PBXFileReference; lastKnownFileType = sourcecode.swift; path = SceneDelegate.swift; sourceTree = "<group>"; };
		6C79E63B2372259A006E51D1 /* ContentView.swift */ = {isa = PBXFileReference; lastKnownFileType = sourcecode.swift; path = ContentView.swift; sourceTree = "<group>"; };
		6C79E63D2372259E006E51D1 /* Assets.xcassets */ = {isa = PBXFileReference; lastKnownFileType = folder.assetcatalog; path = Assets.xcassets; sourceTree = "<group>"; };
		6C79E6402372259E006E51D1 /* Preview Assets.xcassets */ = {isa = PBXFileReference; lastKnownFileType = folder.assetcatalog; path = "Preview Assets.xcassets"; sourceTree = "<group>"; };
		6C79E6432372259E006E51D1 /* Base */ = {isa = PBXFileReference; lastKnownFileType = file.storyboard; name = Base; path = Base.lproj/LaunchScreen.storyboard; sourceTree = "<group>"; };
		6C79E6452372259E006E51D1 /* Info.plist */ = {isa = PBXFileReference; lastKnownFileType = text.plist.xml; path = Info.plist; sourceTree = "<group>"; };
		6C79E64A2372259E006E51D1 /* CarearPathGuideLineTests.xctest */ = {isa = PBXFileReference; explicitFileType = wrapper.cfbundle; includeInIndex = 0; path = CarearPathGuideLineTests.xctest; sourceTree = BUILT_PRODUCTS_DIR; };
		6C79E64E2372259E006E51D1 /* CarearPathGuideLineTests.swift */ = {isa = PBXFileReference; lastKnownFileType = sourcecode.swift; path = CarearPathGuideLineTests.swift; sourceTree = "<group>"; };
		6C79E6502372259E006E51D1 /* Info.plist */ = {isa = PBXFileReference; lastKnownFileType = text.plist.xml; path = Info.plist; sourceTree = "<group>"; };
/* End PBXFileReference section */

/* Begin PBXFrameworksBuildPhase section */
		6C79E6312372259A006E51D1 /* Frameworks */ = {
			isa = PBXFrameworksBuildPhase;
			buildActionMask = 2147483647;
			files = (
			);
			runOnlyForDeploymentPostprocessing = 0;
		};
		6C79E6472372259E006E51D1 /* Frameworks */ = {
			isa = PBXFrameworksBuildPhase;
			buildActionMask = 2147483647;
			files = (
			);
			runOnlyForDeploymentPostprocessing = 0;
		};
/* End PBXFrameworksBuildPhase section */

/* Begin PBXGroup section */
		6C79E62B2372259A006E51D1 = {
			isa = PBXGroup;
			children = (
				6C79E6362372259A006E51D1 /* CarearPathGuideLine */,
				6C79E64D2372259E006E51D1 /* CarearPathGuideLineTests */,
				6C79E6352372259A006E51D1 /* Products */,
			);
			sourceTree = "<group>";
		};
		6C79E6352372259A006E51D1 /* Products */ = {
			isa = PBXGroup;
			children = (
				6C79E6342372259A006E51D1 /* CarearPathGuideLine.app */,
				6C79E64A2372259E006E51D1 /* CarearPathGuideLineTests.xctest */,
			);
			name = Products;
			sourceTree = "<group>";
		};
		6C79E6362372259A006E51D1 /* CarearPathGuideLine */ = {
			isa = PBXGroup;
			children = (
				6C79E6372372259A006E51D1 /* AppDelegate.swift */,
				6C79E6392372259A006E51D1 /* SceneDelegate.swift */,
				6C79E63B2372259A006E51D1 /* ContentView.swift */,
				6C79E63D2372259E006E51D1 /* Assets.xcassets */,
				6C79E6422372259E006E51D1 /* LaunchScreen.storyboard */,
				6C79E6452372259E006E51D1 /* Info.plist */,
				6C79E63F2372259E006E51D1 /* Preview Content */,
			);
			path = CarearPathGuideLine;
			sourceTree = "<group>";
		};
		6C79E63F2372259E006E51D1 /* Preview Content */ = {
			isa = PBXGroup;
			children = (
				6C79E6402372259E006E51D1 /* Preview Assets.xcassets */,
			);
			path = "Preview Content";
			sourceTree = "<group>";
		};
		6C79E64D2372259E006E51D1 /* CarearPathGuideLineTests */ = {
			isa = PBXGroup;
			children = (
				6C79E64E2372259E006E51D1 /* CarearPathGuideLineTests.swift */,
				6C79E6502372259E006E51D1 /* Info.plist */,
			);
			path = CarearPathGuideLineTests;
			sourceTree = "<group>";
		};
/* End PBXGroup section */

/* Begin PBXNativeTarget section */
		6C79E6332372259A006E51D1 /* CarearPathGuideLine */ = {
			isa = PBXNativeTarget;
			buildConfigurationList = 6C79E6532372259E006E51D1 /* Build configuration list for PBXNativeTarget "CarearPathGuideLine" */;
			buildPhases = (
				6C79E6302372259A006E51D1 /* Sources */,
				6C79E6312372259A006E51D1 /* Frameworks */,
				6C79E6322372259A006E51D1 /* Resources */,
			);
			buildRules = (
			);
			dependencies = (
			);
			name = CarearPathGuideLine;
			productName = CarearPathGuideLine;
			productReference = 6C79E6342372259A006E51D1 /* CarearPathGuideLine.app */;
			productType = "com.apple.product-type.application";
		};
		6C79E6492372259E006E51D1 /* CarearPathGuideLineTests */ = {
			isa = PBXNativeTarget;
			buildConfigurationList = 6C79E6562372259E006E51D1 /* Build configuration list for PBXNativeTarget "CarearPathGuideLineTests" */;
			buildPhases = (
				6C79E6462372259E006E51D1 /* Sources */,
				6C79E6472372259E006E51D1 /* Frameworks */,
				6C79E6482372259E006E51D1 /* Resources */,
			);
			buildRules = (
			);
			dependencies = (
				6C79E64C2372259E006E51D1 /* PBXTargetDependency */,
			);
			name = CarearPathGuideLineTests;
			productName = CarearPathGuideLineTests;
			productReference = 6C79E64A2372259E006E51D1 /* CarearPathGuideLineTests.xctest */;
			productType = "com.apple.product-type.bundle.unit-test";
		};
/* End PBXNativeTarget section */

/* Begin PBXProject section */
		6C79E62C2372259A006E51D1 /* Project object */ = {
			isa = PBXProject;
			attributes = {
				LastSwiftUpdateCheck = 1110;
				LastUpgradeCheck = 1110;
				ORGANIZATIONNAME = abuzeid;
				TargetAttributes = {
					6C79E6332372259A006E51D1 = {
						CreatedOnToolsVersion = 11.1;
					};
					6C79E6492372259E006E51D1 = {
						CreatedOnToolsVersion = 11.1;
						TestTargetID = 6C79E6332372259A006E51D1;
					};
				};
			};
			buildConfigurationList = 6C79E62F2372259A006E51D1 /* Build configuration list for PBXProject "CarearPathGuideLine" */;
			compatibilityVersion = "Xcode 9.3";
			developmentRegion = en;
			hasScannedForEncodings = 0;
			knownRegions = (
				en,
				Base,
			);
			mainGroup = 6C79E62B2372259A006E51D1;
			productRefGroup = 6C79E6352372259A006E51D1 /* Products */;
			projectDirPath = "";
			projectRoot = "";
			targets = (
				6C79E6332372259A006E51D1 /* CarearPathGuideLine */,
				6C79E6492372259E006E51D1 /* CarearPathGuideLineTests */,
			);
		};
/* End PBXProject section */

/* Begin PBXResourcesBuildPhase section */
		6C79E6322372259A006E51D1 /* Resources */ = {
			isa = PBXResourcesBuildPhase;
			buildActionMask = 2147483647;
			files = (
				6C79E6442372259E006E51D1 /* LaunchScreen.storyboard in Resources */,
				6C79E6412372259E006E51D1 /* Preview Assets.xcassets in Resources */,
				6C79E63E2372259E006E51D1 /* Assets.xcassets in Resources */,
			);
			runOnlyForDeploymentPostprocessing = 0;
		};
		6C79E6482372259E006E51D1 /* Resources */ = {
			isa = PBXResourcesBuildPhase;
			buildActionMask = 2147483647;
			files = (
			);
			runOnlyForDeploymentPostprocessing = 0;
		};
/* End PBXResourcesBuildPhase section */

/* Begin PBXSourcesBuildPhase section */
		6C79E6302372259A006E51D1 /* Sources */ = {
			isa = PBXSourcesBuildPhase;
			buildActionMask = 2147483647;
			files = (
				6C79E6382372259A006E51D1 /* AppDelegate.swift in Sources */,
				6C79E63A2372259A006E51D1 /* SceneDelegate.swift in Sources */,
				6C79E63C2372259A006E51D1 /* ContentView.swift in Sources */,
			);
			runOnlyForDeploymentPostprocessing = 0;
		};
		6C79E6462372259E006E51D1 /* Sources */ = {
			isa = PBXSourcesBuildPhase;
			buildActionMask = 2147483647;
			files = (
				6C79E64F2372259E006E51D1 /* CarearPathGuideLineTests.swift in Sources */,
			);
			runOnlyForDeploymentPostprocessing = 0;
		};
/* End PBXSourcesBuildPhase section */

/* Begin PBXTargetDependency section */
		6C79E64C2372259E006E51D1 /* PBXTargetDependency */ = {
			isa = PBXTargetDependency;
			target = 6C79E6332372259A006E51D1 /* CarearPathGuideLine */;
			targetProxy = 6C79E64B2372259E006E51D1 /* PBXContainerItemProxy */;
		};
/* End PBXTargetDependency section */

/* Begin PBXVariantGroup section */
		6C79E6422372259E006E51D1 /* LaunchScreen.storyboard */ = {
			isa = PBXVariantGroup;
			children = (
				6C79E6432372259E006E51D1 /* Base */,
			);
			name = LaunchScreen.storyboard;
			sourceTree = "<group>";
		};
/* End PBXVariantGroup section */

/* Begin XCBuildConfiguration section */
		6C79E6512372259E006E51D1 /* Debug */ = {
			isa = XCBuildConfiguration;
			buildSettings = {
				ALWAYS_SEARCH_USER_PATHS = NO;
				CLANG_ANALYZER_NONNULL = YES;
				CLANG_ANALYZER_NUMBER_OBJECT_CONVERSION = YES_AGGRESSIVE;
				CLANG_CXX_LANGUAGE_STANDARD = "gnu++14";
				CLANG_CXX_LIBRARY = "libc++";
				CLANG_ENABLE_MODULES = YES;
				CLANG_ENABLE_OBJC_ARC = YES;
				CLANG_ENABLE_OBJC_WEAK = YES;
				CLANG_WARN_BLOCK_CAPTURE_AUTORELEASING = YES;
				CLANG_WARN_BOOL_CONVERSION = YES;
				CLANG_WARN_COMMA = YES;
				CLANG_WARN_CONSTANT_CONVERSION = YES;
				CLANG_WARN_DEPRECATED_OBJC_IMPLEMENTATIONS = YES;
				CLANG_WARN_DIRECT_OBJC_ISA_USAGE = YES_ERROR;
				CLANG_WARN_DOCUMENTATION_COMMENTS = YES;
				CLANG_WARN_EMPTY_BODY = YES;
				CLANG_WARN_ENUM_CONVERSION = YES;
				CLANG_WARN_INFINITE_RECURSION = YES;
				CLANG_WARN_INT_CONVERSION = YES;
				CLANG_WARN_NON_LITERAL_NULL_CONVERSION = YES;
				CLANG_WARN_OBJC_IMPLICIT_RETAIN_SELF = YES;
				CLANG_WARN_OBJC_LITERAL_CONVERSION = YES;
				CLANG_WARN_OBJC_ROOT_CLASS = YES_ERROR;
				CLANG_WARN_RANGE_LOOP_ANALYSIS = YES;
				CLANG_WARN_STRICT_PROTOTYPES = YES;
				CLANG_WARN_SUSPICIOUS_MOVE = YES;
				CLANG_WARN_UNGUARDED_AVAILABILITY = YES_AGGRESSIVE;
				CLANG_WARN_UNREACHABLE_CODE = YES;
				CLANG_WARN__DUPLICATE_METHOD_MATCH = YES;
				COPY_PHASE_STRIP = NO;
				DEBUG_INFORMATION_FORMAT = dwarf;
				ENABLE_STRICT_OBJC_MSGSEND = YES;
				ENABLE_TESTABILITY = YES;
				GCC_C_LANGUAGE_STANDARD = gnu11;
				GCC_DYNAMIC_NO_PIC = NO;
				GCC_NO_COMMON_BLOCKS = YES;
				GCC_OPTIMIZATION_LEVEL = 0;
				GCC_PREPROCESSOR_DEFINITIONS = (
					"DEBUG=1",
					"$(inherited)",
				);
				GCC_WARN_64_TO_32_BIT_CONVERSION = YES;
				GCC_WARN_ABOUT_RETURN_TYPE = YES_ERROR;
				GCC_WARN_UNDECLARED_SELECTOR = YES;
				GCC_WARN_UNINITIALIZED_AUTOS = YES_AGGRESSIVE;
				GCC_WARN_UNUSED_FUNCTION = YES;
				GCC_WARN_UNUSED_VARIABLE = YES;
				IPHONEOS_DEPLOYMENT_TARGET = 13.1;
				MTL_ENABLE_DEBUG_INFO = INCLUDE_SOURCE;
				MTL_FAST_MATH = YES;
				ONLY_ACTIVE_ARCH = YES;
				SDKROOT = iphoneos;
				SWIFT_ACTIVE_COMPILATION_CONDITIONS = DEBUG;
				SWIFT_OPTIMIZATION_LEVEL = "-Onone";
			};
			name = Debug;
		};
		6C79E6522372259E006E51D1 /* Release */ = {
			isa = XCBuildConfiguration;
			buildSettings = {
				ALWAYS_SEARCH_USER_PATHS = NO;
				CLANG_ANALYZER_NONNULL = YES;
				CLANG_ANALYZER_NUMBER_OBJECT_CONVERSION = YES_AGGRESSIVE;
				CLANG_CXX_LANGUAGE_STANDARD = "gnu++14";
				CLANG_CXX_LIBRARY = "libc++";
				CLANG_ENABLE_MODULES = YES;
				CLANG_ENABLE_OBJC_ARC = YES;
				CLANG_ENABLE_OBJC_WEAK = YES;
				CLANG_WARN_BLOCK_CAPTURE_AUTORELEASING = YES;
				CLANG_WARN_BOOL_CONVERSION = YES;
				CLANG_WARN_COMMA = YES;
				CLANG_WARN_CONSTANT_CONVERSION = YES;
				CLANG_WARN_DEPRECATED_OBJC_IMPLEMENTATIONS = YES;
				CLANG_WARN_DIRECT_OBJC_ISA_USAGE = YES_ERROR;
				CLANG_WARN_DOCUMENTATION_COMMENTS = YES;
				CLANG_WARN_EMPTY_BODY = YES;
				CLANG_WARN_ENUM_CONVERSION = YES;
				CLANG_WARN_INFINITE_RECURSION = YES;
				CLANG_WARN_INT_CONVERSION = YES;
				CLANG_WARN_NON_LITERAL_NULL_CONVERSION = YES;
				CLANG_WARN_OBJC_IMPLICIT_RETAIN_SELF = YES;
				CLANG_WARN_OBJC_LITERAL_CONVERSION = YES;
				CLANG_WARN_OBJC_ROOT_CLASS = YES_ERROR;
				CLANG_WARN_RANGE_LOOP_ANALYSIS = YES;
				CLANG_WARN_STRICT_PROTOTYPES = YES;
				CLANG_WARN_SUSPICIOUS_MOVE = YES;
				CLANG_WARN_UNGUARDED_AVAILABILITY = YES_AGGRESSIVE;
				CLANG_WARN_UNREACHABLE_CODE = YES;
				CLANG_WARN__DUPLICATE_METHOD_MATCH = YES;
				COPY_PHASE_STRIP = NO;
				DEBUG_INFORMATION_FORMAT = "dwarf-with-dsym";
				ENABLE_NS_ASSERTIONS = NO;
				ENABLE_STRICT_OBJC_MSGSEND = YES;
				GCC_C_LANGUAGE_STANDARD = gnu11;
				GCC_NO_COMMON_BLOCKS = YES;
				GCC_WARN_64_TO_32_BIT_CONVERSION = YES;
				GCC_WARN_ABOUT_RETURN_TYPE = YES_ERROR;
				GCC_WARN_UNDECLARED_SELECTOR = YES;
				GCC_WARN_UNINITIALIZED_AUTOS = YES_AGGRESSIVE;
				GCC_WARN_UNUSED_FUNCTION = YES;
				GCC_WARN_UNUSED_VARIABLE = YES;
				IPHONEOS_DEPLOYMENT_TARGET = 13.1;
				MTL_ENABLE_DEBUG_INFO = NO;
				MTL_FAST_MATH = YES;
				SDKROOT = iphoneos;
				SWIFT_COMPILATION_MODE = wholemodule;
				SWIFT_OPTIMIZATION_LEVEL = "-O";
				VALIDATE_PRODUCT = YES;
			};
			name = Release;
		};
		6C79E6542372259E006E51D1 /* Debug */ = {
			isa = XCBuildConfiguration;
			buildSettings = {
				ASSETCATALOG_COMPILER_APPICON_NAME = AppIcon;
				CODE_SIGN_STYLE = Automatic;
				DEVELOPMENT_ASSET_PATHS = "\"CarearPathGuideLine/Preview Content\"";
				ENABLE_PREVIEWS = YES;
				INFOPLIST_FILE = CarearPathGuideLine/Info.plist;
				LD_RUNPATH_SEARCH_PATHS = (
					"$(inherited)",
					"@executable_path/Frameworks",
				);
				PRODUCT_BUNDLE_IDENTIFIER = abuzeid.CarearPathGuideLine;
				PRODUCT_NAME = "$(TARGET_NAME)";
				SWIFT_VERSION = 5.0;
				TARGETED_DEVICE_FAMILY = "1,2";
			};
			name = Debug;
		};
		6C79E6552372259E006E51D1 /* Release */ = {
			isa = XCBuildConfiguration;
			buildSettings = {
				ASSETCATALOG_COMPILER_APPICON_NAME = AppIcon;
				CODE_SIGN_STYLE = Automatic;
				DEVELOPMENT_ASSET_PATHS = "\"CarearPathGuideLine/Preview Content\"";
				ENABLE_PREVIEWS = YES;
				INFOPLIST_FILE = CarearPathGuideLine/Info.plist;
				LD_RUNPATH_SEARCH_PATHS = (
					"$(inherited)",
					"@executable_path/Frameworks",
				);
				PRODUCT_BUNDLE_IDENTIFIER = abuzeid.CarearPathGuideLine;
				PRODUCT_NAME = "$(TARGET_NAME)";
				SWIFT_VERSION = 5.0;
				TARGETED_DEVICE_FAMILY = "1,2";
			};
			name = Release;
		};
		6C79E6572372259E006E51D1 /* Debug */ = {
			isa = XCBuildConfiguration;
			buildSettings = {
				ALWAYS_EMBED_SWIFT_STANDARD_LIBRARIES = YES;
				BUNDLE_LOADER = "$(TEST_HOST)";
				CODE_SIGN_STYLE = Automatic;
				INFOPLIST_FILE = CarearPathGuideLineTests/Info.plist;
				IPHONEOS_DEPLOYMENT_TARGET = 13.1;
				LD_RUNPATH_SEARCH_PATHS = (
					"$(inherited)",
					"@executable_path/Frameworks",
					"@loader_path/Frameworks",
				);
				PRODUCT_BUNDLE_IDENTIFIER = abuzeid.CarearPathGuideLineTests;
				PRODUCT_NAME = "$(TARGET_NAME)";
				SWIFT_VERSION = 5.0;
				TARGETED_DEVICE_FAMILY = "1,2";
				TEST_HOST = "$(BUILT_PRODUCTS_DIR)/CarearPathGuideLine.app/CarearPathGuideLine";
			};
			name = Debug;
		};
		6C79E6582372259E006E51D1 /* Release */ = {
			isa = XCBuildConfiguration;
			buildSettings = {
				ALWAYS_EMBED_SWIFT_STANDARD_LIBRARIES = YES;
				BUNDLE_LOADER = "$(TEST_HOST)";
				CODE_SIGN_STYLE = Automatic;
				INFOPLIST_FILE = CarearPathGuideLineTests/Info.plist;
				IPHONEOS_DEPLOYMENT_TARGET = 13.1;
				LD_RUNPATH_SEARCH_PATHS = (
					"$(inherited)",
					"@executable_path/Frameworks",
					"@loader_path/Frameworks",
				);
				PRODUCT_BUNDLE_IDENTIFIER = abuzeid.CarearPathGuideLineTests;
				PRODUCT_NAME = "$(TARGET_NAME)";
				SWIFT_VERSION = 5.0;
				TARGETED_DEVICE_FAMILY = "1,2";
				TEST_HOST = "$(BUILT_PRODUCTS_DIR)/CarearPathGuideLine.app/CarearPathGuideLine";
			};
			name = Release;
		};
/* End XCBuildConfiguration section */

/* Begin XCConfigurationList section */
		6C79E62F2372259A006E51D1 /* Build configuration list for PBXProject "CarearPathGuideLine" */ = {
			isa = XCConfigurationList;
			buildConfigurations = (
				6C79E6512372259E006E51D1 /* Debug */,
				6C79E6522372259E006E51D1 /* Release */,
			);
			defaultConfigurationIsVisible = 0;
			defaultConfigurationName = Release;
		};
		6C79E6532372259E006E51D1 /* Build configuration list for PBXNativeTarget "CarearPathGuideLine" */ = {
			isa = XCConfigurationList;
			buildConfigurations = (
				6C79E6542372259E006E51D1 /* Debug */,
				6C79E6552372259E006E51D1 /* Release */,
			);
			defaultConfigurationIsVisible = 0;
			defaultConfigurationName = Release;
		};
		6C79E6562372259E006E51D1 /* Build configuration list for PBXNativeTarget "CarearPathGuideLineTests" */ = {
			isa = XCConfigurationList;
			buildConfigurations = (
				6C79E6572372259E006E51D1 /* Debug */,
				6C79E6582372259E006E51D1 /* Release */,
			);
			defaultConfigurationIsVisible = 0;
			defaultConfigurationName = Release;
		};
/* End XCConfigurationList section */
	};
	rootObject = 6C79E62C2372259A006E51D1 /* Project object */;
}
